# This file was autogenerated by Stack.
# You should not edit this file by hand.
# For more information, please see the documentation at:
#   https://docs.haskellstack.org/en/stable/topics/lock_files

packages:
- completed:
    hackage: hspec-2.9.7@sha256:68732c76946f111db3ecf28fa1ab11f1468c287448b139e57d543bd25a382cf0,1709
    pantry-tree:
      sha256: f54a762e7394ac5165bffffb3e11a5fbf421216d0b141abc07e35104354185c9
      size: 583
  original:
    hackage: hspec-2.9.7
- completed:
    hackage: QuickCheck-2.14.2@sha256:4ce29211223d5e6620ebceba34a3ca9ccf1c10c0cf387d48aea45599222ee5aa,7736
    pantry-tree:
      sha256: 2fe423d0ed7cd64f0f165d708779f48814e66c4f181c568468134af55d86a5f8
      size: 2315
  original:
    hackage: QuickCheck-2.14.2
- completed:
    hackage: unliftio-0.2.25.0@sha256:d015242554890370bcbc3a575019be691d0edc279736ef97d29412fb9d0c4349,3410
    pantry-tree:
      sha256: 08c62f256e740e1a78b175907c26cb06439a1b486ceb8021c5a2e4425ebb6c5b
      size: 2494
  original:
    hackage: unliftio-0.2.25.0
- completed:
    hackage: random-1.2.1.1@sha256:e7c1f881159d5cc788619c9ee8b8f340ba2ff0db571cdf3d1a1968ebc5108789,6777
    pantry-tree:
      sha256: adc460de1e12074b8fb5634330089e11aeeac02b02716ba15b9f4de6fa1de425
      size: 1528
  original:
    hackage: random-1.2.1.1
snapshots:
- completed:
    sha256: 5a59b2a405b3aba3c00188453be172b85893cab8ebc352b1ef58b0eae5d248a2
    size: 650475
    url: https://raw.githubusercontent.com/commercialhaskell/stackage-snapshots/master/lts/20/26.yaml
  original: lts-20.26
